
Microsoft Visual Studio Solution File, Format Version 12.00
# Visual Studio Version 17
VisualStudioVersion = 17.1.32421.90
MinimumVisualStudioVersion = 10.0.40219.1
Project("{F184B08F-C81C-45F6-A57F-5ABD9991F28F}") = "pruebaprogramación", "pruebaprogramación\pruebaprogramación.vbproj", "{EDF27D4D-C38B-4A8B-A2FB-E464CB8193F0}"
EndProject
Global
	GlobalSection(SolutionConfigurationPlatforms) = preSolution
		Debug|Any CPU = Debug|Any CPU
		Release|Any CPU = Release|Any CPU
	EndGlobalSection
	GlobalSection(ProjectConfigurationPlatforms) = postSolution
		{EDF27D4D-C38B-4A8B-A2FB-E464CB8193F0}.Debug|Any CPU.ActiveCfg = Debug|Any CPU
		{EDF27D4D-C38B-4A8B-A2FB-E464CB8193F0}.Debug|Any CPU.Build.0 = Debug|Any CPU
		{EDF27D4D-C38B-4A8B-A2FB-E464CB8193F0}.Release|Any CPU.ActiveCfg = Release|Any CPU
		{EDF27D4D-C38B-4A8B-A2FB-E464CB8193F0}.Release|Any CPU.Build.0 = Release|Any CPU
	EndGlobalSection
	GlobalSection(SolutionProperties) = preSolution
		HideSolutionNode = FALSE
	EndGlobalSection
	GlobalSection(ExtensibilityGlobals) = postSolution
		SolutionGuid = {37972149-E531-465B-A065-DAB4591C31BA}
	EndGlobalSection
EndGlobal
